// !$*UTF8*$!
{
	archiveVersion = 1;
	classes = {
	};
	objectVersion = 48;
	objects = {

/* Begin PBXBuildFile section */
		383676EB227E38C800A06C48 /* AppDelegate.swift in Sources */ = {isa = PBXBuildFile; fileRef = 383676EA227E38C800A06C48 /* AppDelegate.swift */; };
		383676ED227E38C800A06C48 /* ViewController.swift in Sources */ = {isa = PBXBuildFile; fileRef = 383676EC227E38C800A06C48 /* ViewController.swift */; };
		383676F0227E38C800A06C48 /* Main.storyboard in Resources */ = {isa = PBXBuildFile; fileRef = 383676EE227E38C800A06C48 /* Main.storyboard */; };
		383676F2227E38C800A06C48 /* Assets.xcassets in Resources */ = {isa = PBXBuildFile; fileRef = 383676F1227E38C800A06C48 /* Assets.xcassets */; };
		383676F5227E38C800A06C48 /* LaunchScreen.storyboard in Resources */ = {isa = PBXBuildFile; fileRef = 383676F3227E38C800A06C48 /* LaunchScreen.storyboard */; };
		38367700227E38C800A06C48 /* SearchBarConTests.swift in Sources */ = {isa = PBXBuildFile; fileRef = 383676FF227E38C800A06C48 /* SearchBarConTests.swift */; };
		3836770B227E38C800A06C48 /* SearchBarConUITests.swift in Sources */ = {isa = PBXBuildFile; fileRef = 3836770A227E38C800A06C48 /* SearchBarConUITests.swift */; };
/* End PBXBuildFile section */

/* Begin PBXContainerItemProxy section */
		383676FC227E38C800A06C48 /* PBXContainerItemProxy */ = {
			isa = PBXContainerItemProxy;
			containerPortal = 383676DF227E38C800A06C48 /* Project object */;
			proxyType = 1;
			remoteGlobalIDString = 383676E6227E38C800A06C48;
			remoteInfo = SearchBarCon;
		};
		38367707227E38C800A06C48 /* PBXContainerItemProxy */ = {
			isa = PBXContainerItemProxy;
			containerPortal = 383676DF227E38C800A06C48 /* Project object */;
			proxyType = 1;
			remoteGlobalIDString = 383676E6227E38C800A06C48;
			remoteInfo = SearchBarCon;
		};
/* End PBXContainerItemProxy section */

/* Begin PBXFileReference section */
		383676E7227E38C800A06C48 /* SearchBarCon.app */ = {isa = PBXFileReference; explicitFileType = wrapper.application; includeInIndex = 0; path = SearchBarCon.app; sourceTree = BUILT_PRODUCTS_DIR; };
		383676EA227E38C800A06C48 /* AppDelegate.swift */ = {isa = PBXFileReference; lastKnownFileType = sourcecode.swift; path = AppDelegate.swift; sourceTree = "<group>"; };
		383676EC227E38C800A06C48 /* ViewController.swift */ = {isa = PBXFileReference; lastKnownFileType = sourcecode.swift; path = ViewController.swift; sourceTree = "<group>"; };
		383676EF227E38C800A06C48 /* Base */ = {isa = PBXFileReference; lastKnownFileType = file.storyboard; name = Base; path = Base.lproj/Main.storyboard; sourceTree = "<group>"; };
		383676F1227E38C800A06C48 /* Assets.xcassets */ = {isa = PBXFileReference; lastKnownFileType = folder.assetcatalog; path = Assets.xcassets; sourceTree = "<group>"; };
		383676F4227E38C800A06C48 /* Base */ = {isa = PBXFileReference; lastKnownFileType = file.storyboard; name = Base; path = Base.lproj/LaunchScreen.storyboard; sourceTree = "<group>"; };
		383676F6227E38C800A06C48 /* Info.plist */ = {isa = PBXFileReference; lastKnownFileType = text.plist.xml; path = Info.plist; sourceTree = "<group>"; };
		383676FB227E38C800A06C48 /* SearchBarConTests.xctest */ = {isa = PBXFileReference; explicitFileType = wrapper.cfbundle; includeInIndex = 0; path = SearchBarConTests.xctest; sourceTree = BUILT_PRODUCTS_DIR; };
		383676FF227E38C800A06C48 /* SearchBarConTests.swift */ = {isa = PBXFileReference; lastKnownFileType = sourcecode.swift; path = SearchBarConTests.swift; sourceTree = "<group>"; };
		38367701227E38C800A06C48 /* Info.plist */ = {isa = PBXFileReference; lastKnownFileType = text.plist.xml; path = Info.plist; sourceTree = "<group>"; };
		38367706227E38C800A06C48 /* SearchBarConUITests.xctest */ = {isa = PBXFileReference; explicitFileType = wrapper.cfbundle; includeInIndex = 0; path = SearchBarConUITests.xctest; sourceTree = BUILT_PRODUCTS_DIR; };
		3836770A227E38C800A06C48 /* SearchBarConUITests.swift */ = {isa = PBXFileReference; lastKnownFileType = sourcecode.swift; path = SearchBarConUITests.swift; sourceTree = "<group>"; };
		3836770C227E38C800A06C48 /* Info.plist */ = {isa = PBXFileReference; lastKnownFileType = text.plist.xml; path = Info.plist; sourceTree = "<group>"; };
/* End PBXFileReference section */

/* Begin PBXFrameworksBuildPhase section */
		383676E4227E38C800A06C48 /* Frameworks */ = {
			isa = PBXFrameworksBuildPhase;
			buildActionMask = 2147483647;
			files = (
			);
			runOnlyForDeploymentPostprocessing = 0;
		};
		383676F8227E38C800A06C48 /* Frameworks */ = {
			isa = PBXFrameworksBuildPhase;
			buildActionMask = 2147483647;
			files = (
			);
			runOnlyForDeploymentPostprocessing = 0;
		};
		38367703227E38C800A06C48 /* Frameworks */ = {
			isa = PBXFrameworksBuildPhase;
			buildActionMask = 2147483647;
			files = (
			);
			runOnlyForDeploymentPostprocessing = 0;
		};
/* End PBXFrameworksBuildPhase section */

/* Begin PBXGroup section */
		383676DE227E38C800A06C48 = {
			isa = PBXGroup;
			children = (
				383676E9227E38C800A06C48 /* SearchBarCon */,
				383676FE227E38C800A06C48 /* SearchBarConTests */,
				38367709227E38C800A06C48 /* SearchBarConUITests */,
				383676E8227E38C800A06C48 /* Products */,
			);
			sourceTree = "<group>";
		};
		383676E8227E38C800A06C48 /* Products */ = {
			isa = PBXGroup;
			children = (
				383676E7227E38C800A06C48 /* SearchBarCon.app */,
				383676FB227E38C800A06C48 /* SearchBarConTests.xctest */,
				38367706227E38C800A06C48 /* SearchBarConUITests.xctest */,
			);
			name = Products;
			sourceTree = "<group>";
		};
		383676E9227E38C800A06C48 /* SearchBarCon */ = {
			isa = PBXGroup;
			children = (
				383676EA227E38C800A06C48 /* AppDelegate.swift */,
				383676EC227E38C800A06C48 /* ViewController.swift */,
				383676EE227E38C800A06C48 /* Main.storyboard */,
				383676F1227E38C800A06C48 /* Assets.xcassets */,
				383676F3227E38C800A06C48 /* LaunchScreen.storyboard */,
				383676F6227E38C800A06C48 /* Info.plist */,
			);
			path = SearchBarCon;
			sourceTree = "<group>";
		};
		383676FE227E38C800A06C48 /* SearchBarConTests */ = {
			isa = PBXGroup;
			children = (
				383676FF227E38C800A06C48 /* SearchBarConTests.swift */,
				38367701227E38C800A06C48 /* Info.plist */,
			);
			path = SearchBarConTests;
			sourceTree = "<group>";
		};
		38367709227E38C800A06C48 /* SearchBarConUITests */ = {
			isa = PBXGroup;
			children = (
				3836770A227E38C800A06C48 /* SearchBarConUITests.swift */,
				3836770C227E38C800A06C48 /* Info.plist */,
			);
			path = SearchBarConUITests;
			sourceTree = "<group>";
		};
/* End PBXGroup section */

/* Begin PBXNativeTarget section */
		383676E6227E38C800A06C48 /* SearchBarCon */ = {
			isa = PBXNativeTarget;
			buildConfigurationList = 3836770F227E38C800A06C48 /* Build configuration list for PBXNativeTarget "SearchBarCon" */;
			buildPhases = (
				383676E3227E38C800A06C48 /* Sources */,
				383676E4227E38C800A06C48 /* Frameworks */,
				383676E5227E38C800A06C48 /* Resources */,
			);
			buildRules = (
			);
			dependencies = (
			);
			name = SearchBarCon;
			productName = SearchBarCon;
			productReference = 383676E7227E38C800A06C48 /* SearchBarCon.app */;
			productType = "com.apple.product-type.application";
		};
		383676FA227E38C800A06C48 /* SearchBarConTests */ = {
			isa = PBXNativeTarget;
			buildConfigurationList = 38367712227E38C800A06C48 /* Build configuration list for PBXNativeTarget "SearchBarConTests" */;
			buildPhases = (
				383676F7227E38C800A06C48 /* Sources */,
				383676F8227E38C800A06C48 /* Frameworks */,
				383676F9227E38C800A06C48 /* Resources */,
			);
			buildRules = (
			);
			dependencies = (
				383676FD227E38C800A06C48 /* PBXTargetDependency */,
			);
			name = SearchBarConTests;
			productName = SearchBarConTests;
			productReference = 383676FB227E38C800A06C48 /* SearchBarConTests.xctest */;
			productType = "com.apple.product-type.bundle.unit-test";
		};
		38367705227E38C800A06C48 /* SearchBarConUITests */ = {
			isa = PBXNativeTarget;
			buildConfigurationList = 38367715227E38C800A06C48 /* Build configuration list for PBXNativeTarget "SearchBarConUITests" */;
			buildPhases = (
				38367702227E38C800A06C48 /* Sources */,
				38367703227E38C800A06C48 /* Frameworks */,
				38367704227E38C800A06C48 /* Resources */,
			);
			buildRules = (
			);
			dependencies = (
				38367708227E38C800A06C48 /* PBXTargetDependency */,
			);
			name = SearchBarConUITests;
			productName = SearchBarConUITests;
			productReference = 38367706227E38C800A06C48 /* SearchBarConUITests.xctest */;
			productType = "com.apple.product-type.bundle.ui-testing";
		};
/* End PBXNativeTarget section */

/* Begin PBXProject section */
		383676DF227E38C800A06C48 /* Project object */ = {
			isa = PBXProject;
			attributes = {
				LastSwiftUpdateCheck = 0900;
				LastUpgradeCheck = 0900;
				ORGANIZATIONNAME = "Alexander Vuong";
				TargetAttributes = {
					383676E6227E38C800A06C48 = {
						CreatedOnToolsVersion = 9.0;
						ProvisioningStyle = Automatic;
					};
					383676FA227E38C800A06C48 = {
						CreatedOnToolsVersion = 9.0;
						ProvisioningStyle = Automatic;
						TestTargetID = 383676E6227E38C800A06C48;
					};
					38367705227E38C800A06C48 = {
						CreatedOnToolsVersion = 9.0;
						ProvisioningStyle = Automatic;
						TestTargetID = 383676E6227E38C800A06C48;
					};
				};
			};
			buildConfigurationList = 383676E2227E38C800A06C48 /* Build configuration list for PBXProject "SearchBarCon" */;
			compatibilityVersion = "Xcode 8.0";
			developmentRegion = en;
			hasScannedForEncodings = 0;
			knownRegions = (
				en,
				Base,
			);
			mainGroup = 383676DE227E38C800A06C48;
			productRefGroup = 383676E8227E38C800A06C48 /* Products */;
			projectDirPath = "";
			projectRoot = "";
			targets = (
				383676E6227E38C800A06C48 /* SearchBarCon */,
				383676FA227E38C800A06C48 /* SearchBarConTests */,
				38367705227E38C800A06C48 /* SearchBarConUITests */,
			);
		};
/* End PBXProject section */

/* Begin PBXResourcesBuildPhase section */
		383676E5227E38C800A06C48 /* Resources */ = {
			isa = PBXResourcesBuildPhase;
			buildActionMask = 2147483647;
			files = (
				383676F5227E38C800A06C48 /* LaunchScreen.storyboard in Resources */,
				383676F2227E38C800A06C48 /* Assets.xcassets in Resources */,
				383676F0227E38C800A06C48 /* Main.storyboard in Resources */,
			);
			runOnlyForDeploymentPostprocessing = 0;
		};
		383676F9227E38C800A06C48 /* Resources */ = {
			isa = PBXResourcesBuildPhase;
			buildActionMask = 2147483647;
			files = (
			);
			runOnlyForDeploymentPostprocessing = 0;
		};
		38367704227E38C800A06C48 /* Resources */ = {
			isa = PBXResourcesBuildPhase;
			buildActionMask = 2147483647;
			files = (
			);
			runOnlyForDeploymentPostprocessing = 0;
		};
/* End PBXResourcesBuildPhase section */

/* Begin PBXSourcesBuildPhase section */
		383676E3227E38C800A06C48 /* Sources */ = {
			isa = PBXSourcesBuildPhase;
			buildActionMask = 2147483647;
			files = (
				383676ED227E38C800A06C48 /* ViewController.swift in Sources */,
				383676EB227E38C800A06C48 /* AppDelegate.swift in Sources */,
			);
			runOnlyForDeploymentPostprocessing = 0;
		};
		383676F7227E38C800A06C48 /* Sources */ = {
			isa = PBXSourcesBuildPhase;
			buildActionMask = 2147483647;
			files = (
				38367700227E38C800A06C48 /* SearchBarConTests.swift in Sources */,
			);
			runOnlyForDeploymentPostprocessing = 0;
		};
		38367702227E38C800A06C48 /* Sources */ = {
			isa = PBXSourcesBuildPhase;
			buildActionMask = 2147483647;
			files = (
				3836770B227E38C800A06C48 /* SearchBarConUITests.swift in Sources */,
			);
			runOnlyForDeploymentPostprocessing = 0;
		};
/* End PBXSourcesBuildPhase section */

/* Begin PBXTargetDependency section */
		383676FD227E38C800A06C48 /* PBXTargetDependency */ = {
			isa = PBXTargetDependency;
			target = 383676E6227E38C800A06C48 /* SearchBarCon */;
			targetProxy = 383676FC227E38C800A06C48 /* PBXContainerItemProxy */;
		};
		38367708227E38C800A06C48 /* PBXTargetDependency */ = {
			isa = PBXTargetDependency;
			target = 383676E6227E38C800A06C48 /* SearchBarCon */;
			targetProxy = 38367707227E38C800A06C48 /* PBXContainerItemProxy */;
		};
/* End PBXTargetDependency section */

/* Begin PBXVariantGroup section */
		383676EE227E38C800A06C48 /* Main.storyboard */ = {
			isa = PBXVariantGroup;
			children = (
				383676EF227E38C800A06C48 /* Base */,
			);
			name = Main.storyboard;
			sourceTree = "<group>";
		};
		383676F3227E38C800A06C48 /* LaunchScreen.storyboard */ = {
			isa = PBXVariantGroup;
			children = (
				383676F4227E38C800A06C48 /* Base */,
			);
			name = LaunchScreen.storyboard;
			sourceTree = "<group>";
		};
/* End PBXVariantGroup section */

/* Begin XCBuildConfiguration section */
		3836770D227E38C800A06C48 /* Debug */ = {
			isa = XCBuildConfiguration;
			buildSettings = {
				ALWAYS_SEARCH_USER_PATHS = NO;
				CLANG_ANALYZER_NONNULL = YES;
				CLANG_ANALYZER_NUMBER_OBJECT_CONVERSION = YES_AGGRESSIVE;
				CLANG_CXX_LANGUAGE_STANDARD = "gnu++14";
				CLANG_CXX_LIBRARY = "libc++";
				CLANG_ENABLE_MODULES = YES;
				CLANG_ENABLE_OBJC_ARC = YES;
				CLANG_WARN_BLOCK_CAPTURE_AUTORELEASING = YES;
				CLANG_WARN_BOOL_CONVERSION = YES;
				CLANG_WARN_COMMA = YES;
				CLANG_WARN_CONSTANT_CONVERSION = YES;
				CLANG_WARN_DIRECT_OBJC_ISA_USAGE = YES_ERROR;
				CLANG_WARN_DOCUMENTATION_COMMENTS = YES;
				CLANG_WARN_EMPTY_BODY = YES;
				CLANG_WARN_ENUM_CONVERSION = YES;
				CLANG_WARN_INFINITE_RECURSION = YES;
				CLANG_WARN_INT_CONVERSION = YES;
				CLANG_WARN_NON_LITERAL_NULL_CONVERSION = YES;
				CLANG_WARN_OBJC_LITERAL_CONVERSION = YES;
				CLANG_WARN_OBJC_ROOT_CLASS = YES_ERROR;
				CLANG_WARN_RANGE_LOOP_ANALYSIS = YES;
				CLANG_WARN_STRICT_PROTOTYPES = YES;
				CLANG_WARN_SUSPICIOUS_MOVE = YES;
				CLANG_WARN_UNGUARDED_AVAILABILITY = YES_AGGRESSIVE;
				CLANG_WARN_UNREACHABLE_CODE = YES;
				CLANG_WARN__DUPLICATE_METHOD_MATCH = YES;
				CODE_SIGN_IDENTITY = "iPhone Developer";
				COPY_PHASE_STRIP = NO;
				DEBUG_INFORMATION_FORMAT = dwarf;
				ENABLE_STRICT_OBJC_MSGSEND = YES;
				ENABLE_TESTABILITY = YES;
				GCC_C_LANGUAGE_STANDARD = gnu11;
				GCC_DYNAMIC_NO_PIC = NO;
				GCC_NO_COMMON_BLOCKS = YES;
				GCC_OPTIMIZATION_LEVEL = 0;
				GCC_PREPROCESSOR_DEFINITIONS = (
					"DEBUG=1",
					"$(inherited)",
				);
				GCC_WARN_64_TO_32_BIT_CONVERSION = YES;
				GCC_WARN_ABOUT_RETURN_TYPE = YES_ERROR;
				GCC_WARN_UNDECLARED_SELECTOR = YES;
				GCC_WARN_UNINITIALIZED_AUTOS = YES_AGGRESSIVE;
				GCC_WARN_UNUSED_FUNCTION = YES;
				GCC_WARN_UNUSED_VARIABLE = YES;
				IPHONEOS_DEPLOYMENT_TARGET = 11.0;
				MTL_ENABLE_DEBUG_INFO = YES;
				ONLY_ACTIVE_ARCH = YES;
				SDKROOT = iphoneos;
				SWIFT_ACTIVE_COMPILATION_CONDITIONS = DEBUG;
				SWIFT_OPTIMIZATION_LEVEL = "-Onone";
			};
			name = Debug;
		};
		3836770E227E38C800A06C48 /* Release */ = {
			isa = XCBuildConfiguration;
			buildSettings = {
				ALWAYS_SEARCH_USER_PATHS = NO;
				CLANG_ANALYZER_NONNULL = YES;
				CLANG_ANALYZER_NUMBER_OBJECT_CONVERSION = YES_AGGRESSIVE;
				CLANG_CXX_LANGUAGE_STANDARD = "gnu++14";
				CLANG_CXX_LIBRARY = "libc++";
				CLANG_ENABLE_MODULES = YES;
				CLANG_ENABLE_OBJC_ARC = YES;
				CLANG_WARN_BLOCK_CAPTURE_AUTORELEASING = YES;
				CLANG_WARN_BOOL_CONVERSION = YES;
				CLANG_WARN_COMMA = YES;
				CLANG_WARN_CONSTANT_CONVERSION = YES;
				CLANG_WARN_DIRECT_OBJC_ISA_USAGE = YES_ERROR;
				CLANG_WARN_DOCUMENTATION_COMMENTS = YES;
				CLANG_WARN_EMPTY_BODY = YES;
				CLANG_WARN_ENUM_CONVERSION = YES;
				CLANG_WARN_INFINITE_RECURSION = YES;
				CLANG_WARN_INT_CONVERSION = YES;
				CLANG_WARN_NON_LITERAL_NULL_CONVERSION = YES;
				CLANG_WARN_OBJC_LITERAL_CONVERSION = YES;
				CLANG_WARN_OBJC_ROOT_CLASS = YES_ERROR;
				CLANG_WARN_RANGE_LOOP_ANALYSIS = YES;
				CLANG_WARN_STRICT_PROTOTYPES = YES;
				CLANG_WARN_SUSPICIOUS_MOVE = YES;
				CLANG_WARN_UNGUARDED_AVAILABILITY = YES_AGGRESSIVE;
				CLANG_WARN_UNREACHABLE_CODE = YES;
				CLANG_WARN__DUPLICATE_METHOD_MATCH = YES;
				CODE_SIGN_IDENTITY = "iPhone Developer";
				COPY_PHASE_STRIP = NO;
				DEBUG_INFORMATION_FORMAT = "dwarf-with-dsym";
				ENABLE_NS_ASSERTIONS = NO;
				ENABLE_STRICT_OBJC_MSGSEND = YES;
				GCC_C_LANGUAGE_STANDARD = gnu11;
				GCC_NO_COMMON_BLOCKS = YES;
				GCC_WARN_64_TO_32_BIT_CONVERSION = YES;
				GCC_WARN_ABOUT_RETURN_TYPE = YES_ERROR;
				GCC_WARN_UNDECLARED_SELECTOR = YES;
				GCC_WARN_UNINITIALIZED_AUTOS = YES_AGGRESSIVE;
				GCC_WARN_UNUSED_FUNCTION = YES;
				GCC_WARN_UNUSED_VARIABLE = YES;
				IPHONEOS_DEPLOYMENT_TARGET = 11.0;
				MTL_ENABLE_DEBUG_INFO = NO;
				SDKROOT = iphoneos;
				SWIFT_OPTIMIZATION_LEVEL = "-Owholemodule";
				VALIDATE_PRODUCT = YES;
			};
			name = Release;
		};
		38367710227E38C800A06C48 /* Debug */ = {
			isa = XCBuildConfiguration;
			buildSettings = {
				ASSETCATALOG_COMPILER_APPICON_NAME = AppIcon;
				CODE_SIGN_STYLE = Automatic;
				INFOPLIST_FILE = SearchBarCon/Info.plist;
				LD_RUNPATH_SEARCH_PATHS = "$(inherited) @executable_path/Frameworks";
				PRODUCT_BUNDLE_IDENTIFIER = AV.SearchBarCon;
				PRODUCT_NAME = "$(TARGET_NAME)";
				SWIFT_VERSION = 4.0;
				TARGETED_DEVICE_FAMILY = "1,2";
			};
			name = Debug;
		};
		38367711227E38C800A06C48 /* Release */ = {
			isa = XCBuildConfiguration;
			buildSettings = {
				ASSETCATALOG_COMPILER_APPICON_NAME = AppIcon;
				CODE_SIGN_STYLE = Automatic;
				INFOPLIST_FILE = SearchBarCon/Info.plist;
				LD_RUNPATH_SEARCH_PATHS = "$(inherited) @executable_path/Frameworks";
				PRODUCT_BUNDLE_IDENTIFIER = AV.SearchBarCon;
				PRODUCT_NAME = "$(TARGET_NAME)";
				SWIFT_VERSION = 4.0;
				TARGETED_DEVICE_FAMILY = "1,2";
			};
			name = Release;
		};
		38367713227E38C800A06C48 /* Debug */ = {
			isa = XCBuildConfiguration;
			buildSettings = {
				ALWAYS_EMBED_SWIFT_STANDARD_LIBRARIES = YES;
				BUNDLE_LOADER = "$(TEST_HOST)";
				CODE_SIGN_STYLE = Automatic;
				INFOPLIST_FILE = SearchBarConTests/Info.plist;
				LD_RUNPATH_SEARCH_PATHS = "$(inherited) @executable_path/Frameworks @loader_path/Frameworks";
				PRODUCT_BUNDLE_IDENTIFIER = AV.SearchBarConTests;
				PRODUCT_NAME = "$(TARGET_NAME)";
				SWIFT_VERSION = 4.0;
				TARGETED_DEVICE_FAMILY = "1,2";
				TEST_HOST = "$(BUILT_PRODUCTS_DIR)/SearchBarCon.app/SearchBarCon";
			};
			name = Debug;
		};
		38367714227E38C800A06C48 /* Release */ = {
			isa = XCBuildConfiguration;
			buildSettings = {
				ALWAYS_EMBED_SWIFT_STANDARD_LIBRARIES = YES;
				BUNDLE_LOADER = "$(TEST_HOST)";
				CODE_SIGN_STYLE = Automatic;
				INFOPLIST_FILE = SearchBarConTests/Info.plist;
				LD_RUNPATH_SEARCH_PATHS = "$(inherited) @executable_path/Frameworks @loader_path/Frameworks";
				PRODUCT_BUNDLE_IDENTIFIER = AV.SearchBarConTests;
				PRODUCT_NAME = "$(TARGET_NAME)";
				SWIFT_VERSION = 4.0;
				TARGETED_DEVICE_FAMILY = "1,2";
				TEST_HOST = "$(BUILT_PRODUCTS_DIR)/SearchBarCon.app/SearchBarCon";
			};
			name = Release;
		};
		38367716227E38C800A06C48 /* Debug */ = {
			isa = XCBuildConfiguration;
			buildSettings = {
				ALWAYS_EMBED_SWIFT_STANDARD_LIBRARIES = YES;
				CODE_SIGN_STYLE = Automatic;
				INFOPLIST_FILE = SearchBarConUITests/Info.plist;
				LD_RUNPATH_SEARCH_PATHS = "$(inherited) @executable_path/Frameworks @loader_path/Frameworks";
				PRODUCT_BUNDLE_IDENTIFIER = AV.SearchBarConUITests;
				PRODUCT_NAME = "$(TARGET_NAME)";
				SWIFT_VERSION = 4.0;
				TARGETED_DEVICE_FAMILY = "1,2";
				TEST_TARGET_NAME = SearchBarCon;
			};
			name = Debug;
		};
		38367717227E38C800A06C48 /* Release */ = {
			isa = XCBuildConfiguration;
			buildSettings = {
				ALWAYS_EMBED_SWIFT_STANDARD_LIBRARIES = YES;
				CODE_SIGN_STYLE = Automatic;
				INFOPLIST_FILE = SearchBarConUITests/Info.plist;
				LD_RUNPATH_SEARCH_PATHS = "$(inherited) @executable_path/Frameworks @loader_path/Frameworks";
				PRODUCT_BUNDLE_IDENTIFIER = AV.SearchBarConUITests;
				PRODUCT_NAME = "$(TARGET_NAME)";
				SWIFT_VERSION = 4.0;
				TARGETED_DEVICE_FAMILY = "1,2";
				TEST_TARGET_NAME = SearchBarCon;
			};
			name = Release;
		};
/* End XCBuildConfiguration section */

/* Begin XCConfigurationList section */
		383676E2227E38C800A06C48 /* Build configuration list for PBXProject "SearchBarCon" */ = {
			isa = XCConfigurationList;
			buildConfigurations = (
				3836770D227E38C800A06C48 /* Debug */,
				3836770E227E38C800A06C48 /* Release */,
			);
			defaultConfigurationIsVisible = 0;
			defaultConfigurationName = Release;
		};
		3836770F227E38C800A06C48 /* Build configuration list for PBXNativeTarget "SearchBarCon" */ = {
			isa = XCConfigurationList;
			buildConfigurations = (
				38367710227E38C800A06C48 /* Debug */,
				38367711227E38C800A06C48 /* Release */,
			);
			defaultConfigurationIsVisible = 0;
			defaultConfigurationName = Release;
		};
		38367712227E38C800A06C48 /* Build configuration list for PBXNativeTarget "SearchBarConTests" */ = {
			isa = XCConfigurationList;
			buildConfigurations = (
				38367713227E38C800A06C48 /* Debug */,
				38367714227E38C800A06C48 /* Release */,
			);
			defaultConfigurationIsVisible = 0;
			defaultConfigurationName = Release;
		};
		38367715227E38C800A06C48 /* Build configuration list for PBXNativeTarget "SearchBarConUITests" */ = {
			isa = XCConfigurationList;
			buildConfigurations = (
				38367716227E38C800A06C48 /* Debug */,
				38367717227E38C800A06C48 /* Release */,
			);
			defaultConfigurationIsVisible = 0;
			defaultConfigurationName = Release;
		};
/* End XCConfigurationList section */
	};
	rootObject = 383676DF227E38C800A06C48 /* Project object */;
}
